
Microsoft Visual Studio Solution File, Format Version 12.00
# Visual Studio Version 16
VisualStudioVersion = 16.0.28729.10
MinimumVisualStudioVersion = 10.0.40219.1
Project("{8BC9CEB8-8B4A-11D0-8D11-00A0C91BC942}") = "Count and Say", "Count and Say\Count and Say.vcxproj", "{17E67EB2-8259-4D2C-8E42-186E3142E0A8}"
EndProject
Global
	GlobalSection(SolutionConfigurationPlatforms) = preSolution
		Debug|x64 = Debug|x64
		Debug|x86 = Debug|x86
		Release|x64 = Release|x64
		Release|x86 = Release|x86
	EndGlobalSection
	GlobalSection(ProjectConfigurationPlatforms) = postSolution
		{17E67EB2-8259-4D2C-8E42-186E3142E0A8}.Debug|x64.ActiveCfg = Debug|x64
		{17E67EB2-8259-4D2C-8E42-186E3142E0A8}.Debug|x64.Build.0 = Debug|x64
		{17E67EB2-8259-4D2C-8E42-186E3142E0A8}.Debug|x86.ActiveCfg = Debug|Win32
		{17E67EB2-8259-4D2C-8E42-186E3142E0A8}.Debug|x86.Build.0 = Debug|Win32
		{17E67EB2-8259-4D2C-8E42-186E3142E0A8}.Release|x64.ActiveCfg = Release|x64
		{17E67EB2-8259-4D2C-8E42-186E3142E0A8}.Release|x64.Build.0 = Release|x64
		{17E67EB2-8259-4D2C-8E42-186E3142E0A8}.Release|x86.ActiveCfg = Release|Win32
		{17E67EB2-8259-4D2C-8E42-186E3142E0A8}.Release|x86.Build.0 = Release|Win32
	EndGlobalSection
	GlobalSection(SolutionProperties) = preSolution
		HideSolutionNode = FALSE
	EndGlobalSection
	GlobalSection(ExtensibilityGlobals) = postSolution
		SolutionGuid = {2FA2C4F7-A5B9-4728-9B66-548245850578}
	EndGlobalSection
EndGlobal
